
Microsoft Visual Studio Solution File, Format Version 12.00
# Visual Studio Version 17
VisualStudioVersion = 17.11.34909.67
MinimumVisualStudioVersion = 10.0.40219.1
Project("{9A19103F-16F7-4668-BE54-9A1E7A4F7556}") = "Models", "Models\Models.csproj", "{FE1F60A5-24FD-45FF-9336-2AF0F6AF7257}"
EndProject
Project("{9A19103F-16F7-4668-BE54-9A1E7A4F7556}") = "BLL", "BLL\BLL.csproj", "{FD418382-E2CD-4EA7-AFE5-ECB51F68FC39}"
EndProject
Project("{9A19103F-16F7-4668-BE54-9A1E7A4F7556}") = "Interface", "Interface\Interface.csproj", "{5DB49A72-7492-4D6D-BE30-0F9FA57550BD}"
EndProject
Project("{54435603-DBB4-11D2-8724-00A0C9A8B90C}") = "SetupDivisas", "SetupDivisas\SetupDivisas.vdproj", "{3E10177F-E166-4681-8A82-110FE944DA2D}"
EndProject
Global
	GlobalSection(SolutionConfigurationPlatforms) = preSolution
		Debug|Any CPU = Debug|Any CPU
		Release|Any CPU = Release|Any CPU
	EndGlobalSection
	GlobalSection(ProjectConfigurationPlatforms) = postSolution
		{FE1F60A5-24FD-45FF-9336-2AF0F6AF7257}.Debug|Any CPU.ActiveCfg = Debug|Any CPU
		{FE1F60A5-24FD-45FF-9336-2AF0F6AF7257}.Debug|Any CPU.Build.0 = Debug|Any CPU
		{FE1F60A5-24FD-45FF-9336-2AF0F6AF7257}.Release|Any CPU.ActiveCfg = Release|Any CPU
		{FE1F60A5-24FD-45FF-9336-2AF0F6AF7257}.Release|Any CPU.Build.0 = Release|Any CPU
		{FD418382-E2CD-4EA7-AFE5-ECB51F68FC39}.Debug|Any CPU.ActiveCfg = Debug|Any CPU
		{FD418382-E2CD-4EA7-AFE5-ECB51F68FC39}.Debug|Any CPU.Build.0 = Debug|Any CPU
		{FD418382-E2CD-4EA7-AFE5-ECB51F68FC39}.Release|Any CPU.ActiveCfg = Release|Any CPU
		{FD418382-E2CD-4EA7-AFE5-ECB51F68FC39}.Release|Any CPU.Build.0 = Release|Any CPU
		{5DB49A72-7492-4D6D-BE30-0F9FA57550BD}.Debug|Any CPU.ActiveCfg = Debug|Any CPU
		{5DB49A72-7492-4D6D-BE30-0F9FA57550BD}.Debug|Any CPU.Build.0 = Debug|Any CPU
		{5DB49A72-7492-4D6D-BE30-0F9FA57550BD}.Release|Any CPU.ActiveCfg = Release|Any CPU
		{5DB49A72-7492-4D6D-BE30-0F9FA57550BD}.Release|Any CPU.Build.0 = Release|Any CPU
		{3E10177F-E166-4681-8A82-110FE944DA2D}.Debug|Any CPU.ActiveCfg = Debug
		{3E10177F-E166-4681-8A82-110FE944DA2D}.Release|Any CPU.ActiveCfg = Release
	EndGlobalSection
	GlobalSection(SolutionProperties) = preSolution
		HideSolutionNode = FALSE
	EndGlobalSection
	GlobalSection(ExtensibilityGlobals) = postSolution
		SolutionGuid = {647964B1-235B-4765-8D6B-8CBD75E3BF36}
	EndGlobalSection
EndGlobal
